
Microsoft Visual Studio Solution File, Format Version 12.00
# Visual Studio 15
VisualStudioVersion = 15.0.27703.2042
MinimumVisualStudioVersion = 10.0.40219.1
Project("{8BC9CEB8-8B4A-11D0-8D11-00A0C91BC942}") = "Orca", "Orca\Orca.vcxproj", "{388F7E3E-40D4-44F6-9639-59C6359845E8}"
	ProjectSection(ProjectDependencies) = postProject
		{0C66CE52-3E71-424A-8362-EA96225AAFC7} = {0C66CE52-3E71-424A-8362-EA96225AAFC7}
	EndProjectSection
EndProject
Project("{2150E333-8FDC-42A3-9474-1A3956D46DE8}") = "Solution Items", "Solution Items", "{65A7EA8E-7792-49D4-83C6-864E6D19661F}"
EndProject
Project("{8BC9CEB8-8B4A-11D0-8D11-00A0C91BC942}") = "OrcaTests", "OrcaTests\OrcaTests.vcxproj", "{203AA796-7867-4D8C-83C7-14AD23F1274E}"
	ProjectSection(ProjectDependencies) = postProject
		{0C66CE52-3E71-424A-8362-EA96225AAFC7} = {0C66CE52-3E71-424A-8362-EA96225AAFC7}
	EndProjectSection
EndProject
Project("{8BC9CEB8-8B4A-11D0-8D11-00A0C91BC942}") = "OrcaLib", "OrcaLib\OrcaLib.vcxproj", "{0C66CE52-3E71-424A-8362-EA96225AAFC7}"
EndProject
Global
	GlobalSection(SolutionConfigurationPlatforms) = preSolution
		Debug|x64 = Debug|x64
		Debug|x86 = Debug|x86
		Release|x64 = Release|x64
		Release|x86 = Release|x86
	EndGlobalSection
	GlobalSection(ProjectConfigurationPlatforms) = postSolution
		{388F7E3E-40D4-44F6-9639-59C6359845E8}.Debug|x64.ActiveCfg = Debug|x64
		{388F7E3E-40D4-44F6-9639-59C6359845E8}.Debug|x64.Build.0 = Debug|x64
		{388F7E3E-40D4-44F6-9639-59C6359845E8}.Debug|x86.ActiveCfg = Debug|Win32
		{388F7E3E-40D4-44F6-9639-59C6359845E8}.Debug|x86.Build.0 = Debug|Win32
		{388F7E3E-40D4-44F6-9639-59C6359845E8}.Release|x64.ActiveCfg = Release|x64
		{388F7E3E-40D4-44F6-9639-59C6359845E8}.Release|x64.Build.0 = Release|x64
		{388F7E3E-40D4-44F6-9639-59C6359845E8}.Release|x86.ActiveCfg = Release|Win32
		{388F7E3E-40D4-44F6-9639-59C6359845E8}.Release|x86.Build.0 = Release|Win32
		{203AA796-7867-4D8C-83C7-14AD23F1274E}.Debug|x64.ActiveCfg = Debug|x64
		{203AA796-7867-4D8C-83C7-14AD23F1274E}.Debug|x64.Build.0 = Debug|x64
		{203AA796-7867-4D8C-83C7-14AD23F1274E}.Debug|x86.ActiveCfg = Debug|Win32
		{203AA796-7867-4D8C-83C7-14AD23F1274E}.Debug|x86.Build.0 = Debug|Win32
		{203AA796-7867-4D8C-83C7-14AD23F1274E}.Release|x64.ActiveCfg = Release|x64
		{203AA796-7867-4D8C-83C7-14AD23F1274E}.Release|x64.Build.0 = Release|x64
		{203AA796-7867-4D8C-83C7-14AD23F1274E}.Release|x86.ActiveCfg = Release|Win32
		{203AA796-7867-4D8C-83C7-14AD23F1274E}.Release|x86.Build.0 = Release|Win32
		{0C66CE52-3E71-424A-8362-EA96225AAFC7}.Debug|x64.ActiveCfg = Debug|x64
		{0C66CE52-3E71-424A-8362-EA96225AAFC7}.Debug|x64.Build.0 = Debug|x64
		{0C66CE52-3E71-424A-8362-EA96225AAFC7}.Debug|x86.ActiveCfg = Debug|Win32
		{0C66CE52-3E71-424A-8362-EA96225AAFC7}.Debug|x86.Build.0 = Debug|Win32
		{0C66CE52-3E71-424A-8362-EA96225AAFC7}.Release|x64.ActiveCfg = Release|x64
		{0C66CE52-3E71-424A-8362-EA96225AAFC7}.Release|x64.Build.0 = Release|x64
		{0C66CE52-3E71-424A-8362-EA96225AAFC7}.Release|x86.ActiveCfg = Release|Win32
		{0C66CE52-3E71-424A-8362-EA96225AAFC7}.Release|x86.Build.0 = Release|Win32
	EndGlobalSection
	GlobalSection(SolutionProperties) = preSolution
		HideSolutionNode = FALSE
	EndGlobalSection
	GlobalSection(ExtensibilityGlobals) = postSolution
		SolutionGuid = {46BACD83-4910-403A-AF72-FE6D264F625C}
	EndGlobalSection
EndGlobal
